
Microsoft Visual Studio Solution File, Format Version 11.00
# Visual Studio 2010
Project("{FAE04EC0-301F-11D3-BF4B-00C04F79EFBC}") = "scriptforte", "Assembly-CSharp.csproj", "{322377A5-CDBE-200D-A413-02232A5F00F7}"
EndProject
Project("{FAE04EC0-301F-11D3-BF4B-00C04F79EFBC}") = "scriptforte", "Assembly-CSharp-firstpass.csproj", "{2F109B34-886A-93F9-ECA3-C42D8F13B604}"
EndProject
Project("{FAE04EC0-301F-11D3-BF4B-00C04F79EFBC}") = "scriptforte", "Assembly-CSharp-Editor.csproj", "{38DEDA01-6959-71AF-0818-E71FC995B258}"
EndProject
Project("{FAE04EC0-301F-11D3-BF4B-00C04F79EFBC}") = "scriptforte", "Assembly-CSharp-Editor-firstpass.csproj", "{DA06CDF5-E940-7DE8-7967-A9165C917E0B}"
EndProject
Global
	GlobalSection(SolutionConfigurationPlatforms) = preSolution
		Debug|Any CPU = Debug|Any CPU
		Release|Any CPU = Release|Any CPU
	EndGlobalSection
	GlobalSection(ProjectConfigurationPlatforms) = postSolution
		{322377A5-CDBE-200D-A413-02232A5F00F7}.Debug|Any CPU.ActiveCfg = Debug|Any CPU
		{322377A5-CDBE-200D-A413-02232A5F00F7}.Debug|Any CPU.Build.0 = Debug|Any CPU
		{322377A5-CDBE-200D-A413-02232A5F00F7}.Release|Any CPU.ActiveCfg = Release|Any CPU
		{322377A5-CDBE-200D-A413-02232A5F00F7}.Release|Any CPU.Build.0 = Release|Any CPU
		{2F109B34-886A-93F9-ECA3-C42D8F13B604}.Debug|Any CPU.ActiveCfg = Debug|Any CPU
		{2F109B34-886A-93F9-ECA3-C42D8F13B604}.Debug|Any CPU.Build.0 = Debug|Any CPU
		{2F109B34-886A-93F9-ECA3-C42D8F13B604}.Release|Any CPU.ActiveCfg = Release|Any CPU
		{2F109B34-886A-93F9-ECA3-C42D8F13B604}.Release|Any CPU.Build.0 = Release|Any CPU
		{38DEDA01-6959-71AF-0818-E71FC995B258}.Debug|Any CPU.ActiveCfg = Debug|Any CPU
		{38DEDA01-6959-71AF-0818-E71FC995B258}.Debug|Any CPU.Build.0 = Debug|Any CPU
		{38DEDA01-6959-71AF-0818-E71FC995B258}.Release|Any CPU.ActiveCfg = Release|Any CPU
		{38DEDA01-6959-71AF-0818-E71FC995B258}.Release|Any CPU.Build.0 = Release|Any CPU
		{DA06CDF5-E940-7DE8-7967-A9165C917E0B}.Debug|Any CPU.ActiveCfg = Debug|Any CPU
		{DA06CDF5-E940-7DE8-7967-A9165C917E0B}.Debug|Any CPU.Build.0 = Debug|Any CPU
		{DA06CDF5-E940-7DE8-7967-A9165C917E0B}.Release|Any CPU.ActiveCfg = Release|Any CPU
		{DA06CDF5-E940-7DE8-7967-A9165C917E0B}.Release|Any CPU.Build.0 = Release|Any CPU
	EndGlobalSection
	GlobalSection(SolutionProperties) = preSolution
		HideSolutionNode = FALSE
	EndGlobalSection
	GlobalSection(MonoDevelopProperties) = preSolution
		StartupItem = Assembly-CSharp.csproj
	EndGlobalSection
EndGlobal
